// !$*UTF8*$!
{
	archiveVersion = 1;
	classes = {
	};
	objectVersion = 48;
	objects = {

/* Begin PBXBuildFile section */
		BECD8040B6182E3826C9BE28 /* Pods_SocketTestDemo.framework in Frameworks */ = {isa = PBXBuildFile; fileRef = 940D10C3D99182639830BF0A /* Pods_SocketTestDemo.framework */; };
		C02764E42046555F00CF7973 /* Main.storyboard in Resources */ = {isa = PBXBuildFile; fileRef = C02764E22046555F00CF7973 /* Main.storyboard */; };
		C02764E62046555F00CF7973 /* Assets.xcassets in Resources */ = {isa = PBXBuildFile; fileRef = C02764E52046555F00CF7973 /* Assets.xcassets */; };
		C02764EC2046555F00CF7973 /* main.m in Sources */ = {isa = PBXBuildFile; fileRef = C02764EB2046555F00CF7973 /* main.m */; };
		C02764F62046556000CF7973 /* SocketTestDemoTests.m in Sources */ = {isa = PBXBuildFile; fileRef = C02764F52046556000CF7973 /* SocketTestDemoTests.m */; };
		C02765012046556000CF7973 /* SocketTestDemoUITests.m in Sources */ = {isa = PBXBuildFile; fileRef = C02765002046556000CF7973 /* SocketTestDemoUITests.m */; };
		C02765212046559000CF7973 /* AppDelegate.m in Sources */ = {isa = PBXBuildFile; fileRef = C02765112046559000CF7973 /* AppDelegate.m */; };
		C0276527204656AE00CF7973 /* ViewController.m in Sources */ = {isa = PBXBuildFile; fileRef = C0276525204656AE00CF7973 /* ViewController.m */; };
		C027652B20469B2500CF7973 /* SocketTool.m in Sources */ = {isa = PBXBuildFile; fileRef = C027652A20469B2500CF7973 /* SocketTool.m */; };
		C07209E420941C5F001FDE54 /* XRTCPProtocol_HK.m in Sources */ = {isa = PBXBuildFile; fileRef = C07209E320941C5E001FDE54 /* XRTCPProtocol_HK.m */; };
		C07A8463206C7D22001967FE /* XRVideoDataTool.m in Sources */ = {isa = PBXBuildFile; fileRef = C07A8462206C7D21001967FE /* XRVideoDataTool.m */; };
		C08D7E1320575BE600368548 /* HKVideoStream_log.txt in Resources */ = {isa = PBXBuildFile; fileRef = C08D7E1220575BE600368548 /* HKVideoStream_log.txt */; };
		C08F61BE2092BBFA00416CA3 /* ViewController.xib in Resources */ = {isa = PBXBuildFile; fileRef = C08F61BD2092BBFA00416CA3 /* ViewController.xib */; };
		C091EA2720722A5200E89880 /* XRChannelViewController.m in Sources */ = {isa = PBXBuildFile; fileRef = C091EA2520722A5200E89880 /* XRChannelViewController.m */; };
		C091EA2820722A5200E89880 /* XRChannelViewController.xib in Resources */ = {isa = PBXBuildFile; fileRef = C091EA2620722A5200E89880 /* XRChannelViewController.xib */; };
		C091EA2C20722A6D00E89880 /* XRVideoViewController.m in Sources */ = {isa = PBXBuildFile; fileRef = C091EA2A20722A6D00E89880 /* XRVideoViewController.m */; };
		C091EA2D20722A6D00E89880 /* XRVideoViewController.xib in Resources */ = {isa = PBXBuildFile; fileRef = C091EA2B20722A6D00E89880 /* XRVideoViewController.xib */; };
		C0971B9020994B90009107DF /* XRSocketDataCache.m in Sources */ = {isa = PBXBuildFile; fileRef = C0971B8F20994B90009107DF /* XRSocketDataCache.m */; };
		C0971B9320996294009107DF /* XRHKVideoManager.m in Sources */ = {isa = PBXBuildFile; fileRef = C0971B9220996294009107DF /* XRHKVideoManager.m */; };
		C0971B96209964BE009107DF /* XRHKSDKManager.m in Sources */ = {isa = PBXBuildFile; fileRef = C0971B95209964BE009107DF /* XRHKSDKManager.m */; };
		C09CBB5120564B2200651B84 /* libPlayCtrl.a in Frameworks */ = {isa = PBXBuildFile; fileRef = C09CBB4F20564B2200651B84 /* libPlayCtrl.a */; };
		C09CBB5920565EA600651B84 /* libstdc++.6.0.9.tbd in Frameworks */ = {isa = PBXBuildFile; fileRef = C09CBB5820565EA600651B84 /* libstdc++.6.0.9.tbd */; };
		C09CBB5B20565ECF00651B84 /* VideoToolbox.framework in Frameworks */ = {isa = PBXBuildFile; fileRef = C09CBB5A20565EBD00651B84 /* VideoToolbox.framework */; };
		C09CBB5D20565EF000651B84 /* CoreMedia.framework in Frameworks */ = {isa = PBXBuildFile; fileRef = C09CBB5C20565EE200651B84 /* CoreMedia.framework */; };
		C09CBB5F20565F1200651B84 /* AVFoundation.framework in Frameworks */ = {isa = PBXBuildFile; fileRef = C09CBB5E20565EFF00651B84 /* AVFoundation.framework */; };
		C09CBB632056606900651B84 /* AudioToolbox.framework in Frameworks */ = {isa = PBXBuildFile; fileRef = C09CBB622056605800651B84 /* AudioToolbox.framework */; };
		C09CBB642056608100651B84 /* libiconv.tbd in Frameworks */ = {isa = PBXBuildFile; fileRef = C09CBB5420565A4B00651B84 /* libiconv.tbd */; };
		C09CBB6F2056620A00651B84 /* GLKit.framework in Frameworks */ = {isa = PBXBuildFile; fileRef = C09CBB6E2056620400651B84 /* GLKit.framework */; };
		C09CBB702056623500651B84 /* libz.tbd in Frameworks */ = {isa = PBXBuildFile; fileRef = C09CBB5620565B3200651B84 /* libz.tbd */; };
		C09CBB712056625900651B84 /* libbz2.tbd in Frameworks */ = {isa = PBXBuildFile; fileRef = C09CBB5220565A3F00651B84 /* libbz2.tbd */; };
		C09CBB73205665C000651B84 /* 123456-1-51184.mp4 in Resources */ = {isa = PBXBuildFile; fileRef = C09CBB72205665C000651B84 /* 123456-1-51184.mp4 */; };
		C09CBB7D205671B700651B84 /* YMSocketUtils.m in Sources */ = {isa = PBXBuildFile; fileRef = C09CBB7B205671B700651B84 /* YMSocketUtils.m */; };
		C09CBB8720567CDD00651B84 /* header.txt in Resources */ = {isa = PBXBuildFile; fileRef = C09CBB8620567CDC00651B84 /* header.txt */; };
/* End PBXBuildFile section */

/* Begin PBXContainerItemProxy section */
		C02764F22046556000CF7973 /* PBXContainerItemProxy */ = {
			isa = PBXContainerItemProxy;
			containerPortal = C02764D12046555D00CF7973 /* Project object */;
			proxyType = 1;
			remoteGlobalIDString = C02764D82046555E00CF7973;
			remoteInfo = SocketTestDemo;
		};
		C02764FD2046556000CF7973 /* PBXContainerItemProxy */ = {
			isa = PBXContainerItemProxy;
			containerPortal = C02764D12046555D00CF7973 /* Project object */;
			proxyType = 1;
			remoteGlobalIDString = C02764D82046555E00CF7973;
			remoteInfo = SocketTestDemo;
		};
/* End PBXContainerItemProxy section */

/* Begin PBXFileReference section */
		0AE09507650A6A613C0871A0 /* Pods-SocketTestDemo.release.xcconfig */ = {isa = PBXFileReference; includeInIndex = 1; lastKnownFileType = text.xcconfig; name = "Pods-SocketTestDemo.release.xcconfig"; path = "Pods/Target Support Files/Pods-SocketTestDemo/Pods-SocketTestDemo.release.xcconfig"; sourceTree = "<group>"; };
		940D10C3D99182639830BF0A /* Pods_SocketTestDemo.framework */ = {isa = PBXFileReference; explicitFileType = wrapper.framework; includeInIndex = 0; path = Pods_SocketTestDemo.framework; sourceTree = BUILT_PRODUCTS_DIR; };
		C02764D92046555E00CF7973 /* SocketTestDemo.app */ = {isa = PBXFileReference; explicitFileType = wrapper.application; includeInIndex = 0; path = SocketTestDemo.app; sourceTree = BUILT_PRODUCTS_DIR; };
		C02764E32046555F00CF7973 /* Base */ = {isa = PBXFileReference; lastKnownFileType = file.storyboard; name = Base; path = Base.lproj/Main.storyboard; sourceTree = "<group>"; };
		C02764E52046555F00CF7973 /* Assets.xcassets */ = {isa = PBXFileReference; lastKnownFileType = folder.assetcatalog; path = Assets.xcassets; sourceTree = "<group>"; };
		C02764EA2046555F00CF7973 /* Info.plist */ = {isa = PBXFileReference; lastKnownFileType = text.plist.xml; path = Info.plist; sourceTree = "<group>"; };
		C02764EB2046555F00CF7973 /* main.m */ = {isa = PBXFileReference; lastKnownFileType = sourcecode.c.objc; path = main.m; sourceTree = "<group>"; };
		C02764F12046556000CF7973 /* SocketTestDemoTests.xctest */ = {isa = PBXFileReference; explicitFileType = wrapper.cfbundle; includeInIndex = 0; path = SocketTestDemoTests.xctest; sourceTree = BUILT_PRODUCTS_DIR; };
		C02764F52046556000CF7973 /* SocketTestDemoTests.m */ = {isa = PBXFileReference; lastKnownFileType = sourcecode.c.objc; path = SocketTestDemoTests.m; sourceTree = "<group>"; };
		C02764F72046556000CF7973 /* Info.plist */ = {isa = PBXFileReference; lastKnownFileType = text.plist.xml; path = Info.plist; sourceTree = "<group>"; };
		C02764FC2046556000CF7973 /* SocketTestDemoUITests.xctest */ = {isa = PBXFileReference; explicitFileType = wrapper.cfbundle; includeInIndex = 0; path = SocketTestDemoUITests.xctest; sourceTree = BUILT_PRODUCTS_DIR; };
		C02765002046556000CF7973 /* SocketTestDemoUITests.m */ = {isa = PBXFileReference; lastKnownFileType = sourcecode.c.objc; path = SocketTestDemoUITests.m; sourceTree = "<group>"; };
		C02765022046556000CF7973 /* Info.plist */ = {isa = PBXFileReference; lastKnownFileType = text.plist.xml; path = Info.plist; sourceTree = "<group>"; };
		C02765102046559000CF7973 /* AppDelegate.h */ = {isa = PBXFileReference; fileEncoding = 4; lastKnownFileType = sourcecode.c.h; path = AppDelegate.h; sourceTree = "<group>"; };
		C02765112046559000CF7973 /* AppDelegate.m */ = {isa = PBXFileReference; fileEncoding = 4; lastKnownFileType = sourcecode.c.objc; path = AppDelegate.m; sourceTree = "<group>"; };
		C02765172046559000CF7973 /* AppMacro.h */ = {isa = PBXFileReference; fileEncoding = 4; lastKnownFileType = sourcecode.c.h; path = AppMacro.h; sourceTree = "<group>"; };
		C02765182046559000CF7973 /* NotificationMacro.h */ = {isa = PBXFileReference; fileEncoding = 4; lastKnownFileType = sourcecode.c.h; path = NotificationMacro.h; sourceTree = "<group>"; };
		C02765192046559000CF7973 /* UtilesMacro.h */ = {isa = PBXFileReference; fileEncoding = 4; lastKnownFileType = sourcecode.c.h; path = UtilesMacro.h; sourceTree = "<group>"; };
		C027651A2046559000CF7973 /* VendorMacro.h */ = {isa = PBXFileReference; fileEncoding = 4; lastKnownFileType = sourcecode.c.h; path = VendorMacro.h; sourceTree = "<group>"; };
		C0276525204656AE00CF7973 /* ViewController.m */ = {isa = PBXFileReference; fileEncoding = 4; lastKnownFileType = sourcecode.c.objc; path = ViewController.m; sourceTree = "<group>"; };
		C0276526204656AE00CF7973 /* ViewController.h */ = {isa = PBXFileReference; fileEncoding = 4; lastKnownFileType = sourcecode.c.h; path = ViewController.h; sourceTree = "<group>"; };
		C027652920469B2500CF7973 /* SocketTool.h */ = {isa = PBXFileReference; lastKnownFileType = sourcecode.c.h; path = SocketTool.h; sourceTree = "<group>"; };
		C027652A20469B2500CF7973 /* SocketTool.m */ = {isa = PBXFileReference; lastKnownFileType = sourcecode.c.objc; path = SocketTool.m; sourceTree = "<group>"; };
		C07209E220941C5E001FDE54 /* XRTCPProtocol_HK.h */ = {isa = PBXFileReference; fileEncoding = 4; lastKnownFileType = sourcecode.c.h; path = XRTCPProtocol_HK.h; sourceTree = "<group>"; };
		C07209E320941C5E001FDE54 /* XRTCPProtocol_HK.m */ = {isa = PBXFileReference; fileEncoding = 4; lastKnownFileType = sourcecode.c.objc; path = XRTCPProtocol_HK.m; sourceTree = "<group>"; };
		C07A8461206C7D21001967FE /* XRVideoDataTool.h */ = {isa = PBXFileReference; lastKnownFileType = sourcecode.c.h; path = XRVideoDataTool.h; sourceTree = "<group>"; };
		C07A8462206C7D21001967FE /* XRVideoDataTool.m */ = {isa = PBXFileReference; lastKnownFileType = sourcecode.c.objc; path = XRVideoDataTool.m; sourceTree = "<group>"; };
		C08D7E1220575BE600368548 /* HKVideoStream_log.txt */ = {isa = PBXFileReference; fileEncoding = 4; lastKnownFileType = text; path = HKVideoStream_log.txt; sourceTree = "<group>"; };
		C08F61BD2092BBFA00416CA3 /* ViewController.xib */ = {isa = PBXFileReference; lastKnownFileType = file.xib; path = ViewController.xib; sourceTree = "<group>"; };
		C091EA2420722A5200E89880 /* XRChannelViewController.h */ = {isa = PBXFileReference; lastKnownFileType = sourcecode.c.h; path = XRChannelViewController.h; sourceTree = "<group>"; };
		C091EA2520722A5200E89880 /* XRChannelViewController.m */ = {isa = PBXFileReference; lastKnownFileType = sourcecode.c.objc; path = XRChannelViewController.m; sourceTree = "<group>"; };
		C091EA2620722A5200E89880 /* XRChannelViewController.xib */ = {isa = PBXFileReference; lastKnownFileType = file.xib; path = XRChannelViewController.xib; sourceTree = "<group>"; };
		C091EA2920722A6D00E89880 /* XRVideoViewController.h */ = {isa = PBXFileReference; lastKnownFileType = sourcecode.c.h; path = XRVideoViewController.h; sourceTree = "<group>"; };
		C091EA2A20722A6D00E89880 /* XRVideoViewController.m */ = {isa = PBXFileReference; lastKnownFileType = sourcecode.c.objc; path = XRVideoViewController.m; sourceTree = "<group>"; };
		C091EA2B20722A6D00E89880 /* XRVideoViewController.xib */ = {isa = PBXFileReference; lastKnownFileType = file.xib; path = XRVideoViewController.xib; sourceTree = "<group>"; };
		C0971B8E20994B90009107DF /* XRSocketDataCache.h */ = {isa = PBXFileReference; lastKnownFileType = sourcecode.c.h; path = XRSocketDataCache.h; sourceTree = "<group>"; };
		C0971B8F20994B90009107DF /* XRSocketDataCache.m */ = {isa = PBXFileReference; lastKnownFileType = sourcecode.c.objc; path = XRSocketDataCache.m; sourceTree = "<group>"; };
		C0971B9120996294009107DF /* XRHKVideoManager.h */ = {isa = PBXFileReference; lastKnownFileType = sourcecode.c.h; path = XRHKVideoManager.h; sourceTree = "<group>"; };
		C0971B9220996294009107DF /* XRHKVideoManager.m */ = {isa = PBXFileReference; lastKnownFileType = sourcecode.c.objc; path = XRHKVideoManager.m; sourceTree = "<group>"; };
		C0971B94209964BE009107DF /* XRHKSDKManager.h */ = {isa = PBXFileReference; lastKnownFileType = sourcecode.c.h; path = XRHKSDKManager.h; sourceTree = "<group>"; };
		C0971B95209964BE009107DF /* XRHKSDKManager.m */ = {isa = PBXFileReference; lastKnownFileType = sourcecode.c.objc; path = XRHKSDKManager.m; sourceTree = "<group>"; };
		C09CBB4E20564B2200651B84 /* IOSPlayM4.h */ = {isa = PBXFileReference; fileEncoding = 4; lastKnownFileType = sourcecode.c.h; path = IOSPlayM4.h; sourceTree = "<group>"; };
		C09CBB4F20564B2200651B84 /* libPlayCtrl.a */ = {isa = PBXFileReference; lastKnownFileType = archive.ar; path = libPlayCtrl.a; sourceTree = "<group>"; };
		C09CBB5020564B2200651B84 /* MobilePlaySDKInterface.h */ = {isa = PBXFileReference; fileEncoding = 4; lastKnownFileType = sourcecode.c.h; path = MobilePlaySDKInterface.h; sourceTree = "<group>"; };
		C09CBB5220565A3F00651B84 /* libbz2.tbd */ = {isa = PBXFileReference; lastKnownFileType = "sourcecode.text-based-dylib-definition"; name = libbz2.tbd; path = usr/lib/libbz2.tbd; sourceTree = SDKROOT; };
		C09CBB5420565A4B00651B84 /* libiconv.tbd */ = {isa = PBXFileReference; lastKnownFileType = "sourcecode.text-based-dylib-definition"; name = libiconv.tbd; path = usr/lib/libiconv.tbd; sourceTree = SDKROOT; };
		C09CBB5620565B3200651B84 /* libz.tbd */ = {isa = PBXFileReference; lastKnownFileType = "sourcecode.text-based-dylib-definition"; name = libz.tbd; path = usr/lib/libz.tbd; sourceTree = SDKROOT; };
		C09CBB5820565EA600651B84 /* libstdc++.6.0.9.tbd */ = {isa = PBXFileReference; lastKnownFileType = "sourcecode.text-based-dylib-definition"; name = "libstdc++.6.0.9.tbd"; path = "usr/lib/libstdc++.6.0.9.tbd"; sourceTree = SDKROOT; };
		C09CBB5A20565EBD00651B84 /* VideoToolbox.framework */ = {isa = PBXFileReference; lastKnownFileType = wrapper.framework; name = VideoToolbox.framework; path = System/Library/Frameworks/VideoToolbox.framework; sourceTree = SDKROOT; };
		C09CBB5C20565EE200651B84 /* CoreMedia.framework */ = {isa = PBXFileReference; lastKnownFileType = wrapper.framework; name = CoreMedia.framework; path = System/Library/Frameworks/CoreMedia.framework; sourceTree = SDKROOT; };
		C09CBB5E20565EFF00651B84 /* AVFoundation.framework */ = {isa = PBXFileReference; lastKnownFileType = wrapper.framework; name = AVFoundation.framework; path = System/Library/Frameworks/AVFoundation.framework; sourceTree = SDKROOT; };
		C09CBB6020565F3000651B84 /* libc++.tbd */ = {isa = PBXFileReference; lastKnownFileType = "sourcecode.text-based-dylib-definition"; name = "libc++.tbd"; path = "usr/lib/libc++.tbd"; sourceTree = SDKROOT; };
		C09CBB622056605800651B84 /* AudioToolbox.framework */ = {isa = PBXFileReference; lastKnownFileType = wrapper.framework; name = AudioToolbox.framework; path = System/Library/Frameworks/AudioToolbox.framework; sourceTree = SDKROOT; };
		C09CBB652056609A00651B84 /* OpenGLES.framework */ = {isa = PBXFileReference; lastKnownFileType = wrapper.framework; name = OpenGLES.framework; path = System/Library/Frameworks/OpenGLES.framework; sourceTree = SDKROOT; };
		C09CBB66205660A200651B84 /* OpenAL.framework */ = {isa = PBXFileReference; lastKnownFileType = wrapper.framework; name = OpenAL.framework; path = System/Library/Frameworks/OpenAL.framework; sourceTree = SDKROOT; };
		C09CBB69205660C300651B84 /* UIKit.framework */ = {isa = PBXFileReference; lastKnownFileType = wrapper.framework; name = UIKit.framework; path = System/Library/Frameworks/UIKit.framework; sourceTree = SDKROOT; };
		C09CBB6B205660D600651B84 /* Foundation.framework */ = {isa = PBXFileReference; lastKnownFileType = wrapper.framework; name = Foundation.framework; path = System/Library/Frameworks/Foundation.framework; sourceTree = SDKROOT; };
		C09CBB6E2056620400651B84 /* GLKit.framework */ = {isa = PBXFileReference; lastKnownFileType = wrapper.framework; name = GLKit.framework; path = System/Library/Frameworks/GLKit.framework; sourceTree = SDKROOT; };
		C09CBB72205665C000651B84 /* 123456-1-51184.mp4 */ = {isa = PBXFileReference; lastKnownFileType = file; path = "123456-1-51184.mp4"; sourceTree = "<group>"; };
		C09CBB7B205671B700651B84 /* YMSocketUtils.m */ = {isa = PBXFileReference; fileEncoding = 4; lastKnownFileType = sourcecode.c.objc; path = YMSocketUtils.m; sourceTree = "<group>"; };
		C09CBB7C205671B700651B84 /* YMSocketUtils.h */ = {isa = PBXFileReference; fileEncoding = 4; lastKnownFileType = sourcecode.c.h; path = YMSocketUtils.h; sourceTree = "<group>"; };
		C09CBB8620567CDC00651B84 /* header.txt */ = {isa = PBXFileReference; fileEncoding = 4; lastKnownFileType = text; path = header.txt; sourceTree = "<group>"; };
		F501EDF5A616AC6BDC218A1A /* Pods-SocketTestDemo.debug.xcconfig */ = {isa = PBXFileReference; includeInIndex = 1; lastKnownFileType = text.xcconfig; name = "Pods-SocketTestDemo.debug.xcconfig"; path = "Pods/Target Support Files/Pods-SocketTestDemo/Pods-SocketTestDemo.debug.xcconfig"; sourceTree = "<group>"; };
/* End PBXFileReference section */

/* Begin PBXFrameworksBuildPhase section */
		C02764D62046555E00CF7973 /* Frameworks */ = {
			isa = PBXFrameworksBuildPhase;
			buildActionMask = 2147483647;
			files = (
				C09CBB712056625900651B84 /* libbz2.tbd in Frameworks */,
				C09CBB702056623500651B84 /* libz.tbd in Frameworks */,
				C09CBB6F2056620A00651B84 /* GLKit.framework in Frameworks */,
				C09CBB642056608100651B84 /* libiconv.tbd in Frameworks */,
				C09CBB632056606900651B84 /* AudioToolbox.framework in Frameworks */,
				C09CBB5F20565F1200651B84 /* AVFoundation.framework in Frameworks */,
				C09CBB5D20565EF000651B84 /* CoreMedia.framework in Frameworks */,
				C09CBB5B20565ECF00651B84 /* VideoToolbox.framework in Frameworks */,
				C09CBB5120564B2200651B84 /* libPlayCtrl.a in Frameworks */,
				C09CBB5920565EA600651B84 /* libstdc++.6.0.9.tbd in Frameworks */,
				BECD8040B6182E3826C9BE28 /* Pods_SocketTestDemo.framework in Frameworks */,
			);
			runOnlyForDeploymentPostprocessing = 0;
		};
		C02764EE2046556000CF7973 /* Frameworks */ = {
			isa = PBXFrameworksBuildPhase;
			buildActionMask = 2147483647;
			files = (
			);
			runOnlyForDeploymentPostprocessing = 0;
		};
		C02764F92046556000CF7973 /* Frameworks */ = {
			isa = PBXFrameworksBuildPhase;
			buildActionMask = 2147483647;
			files = (
			);
			runOnlyForDeploymentPostprocessing = 0;
		};
/* End PBXFrameworksBuildPhase section */

/* Begin PBXGroup section */
		5AF61A8DC91E824E6837E278 /* Pods */ = {
			isa = PBXGroup;
			children = (
				F501EDF5A616AC6BDC218A1A /* Pods-SocketTestDemo.debug.xcconfig */,
				0AE09507650A6A613C0871A0 /* Pods-SocketTestDemo.release.xcconfig */,
			);
			name = Pods;
			sourceTree = "<group>";
		};
		C02764D02046555D00CF7973 = {
			isa = PBXGroup;
			children = (
				C02764DB2046555E00CF7973 /* SocketTestDemo */,
				C02764F42046556000CF7973 /* SocketTestDemoTests */,
				C02764FF2046556000CF7973 /* SocketTestDemoUITests */,
				C02764DA2046555E00CF7973 /* Products */,
				5AF61A8DC91E824E6837E278 /* Pods */,
				D0181872A77A8052FE016B46 /* Frameworks */,
			);
			sourceTree = "<group>";
		};
		C02764DA2046555E00CF7973 /* Products */ = {
			isa = PBXGroup;
			children = (
				C02764D92046555E00CF7973 /* SocketTestDemo.app */,
				C02764F12046556000CF7973 /* SocketTestDemoTests.xctest */,
				C02764FC2046556000CF7973 /* SocketTestDemoUITests.xctest */,
			);
			name = Products;
			sourceTree = "<group>";
		};
		C02764DB2046555E00CF7973 /* SocketTestDemo */ = {
			isa = PBXGroup;
			children = (
				C027650E2046559000CF7973 /* Classes */,
				C02764E22046555F00CF7973 /* Main.storyboard */,
				C02764E52046555F00CF7973 /* Assets.xcassets */,
				C02764EA2046555F00CF7973 /* Info.plist */,
				C02764EB2046555F00CF7973 /* main.m */,
			);
			path = SocketTestDemo;
			sourceTree = "<group>";
		};
		C02764F42046556000CF7973 /* SocketTestDemoTests */ = {
			isa = PBXGroup;
			children = (
				C02764F52046556000CF7973 /* SocketTestDemoTests.m */,
				C02764F72046556000CF7973 /* Info.plist */,
			);
			path = SocketTestDemoTests;
			sourceTree = "<group>";
		};
		C02764FF2046556000CF7973 /* SocketTestDemoUITests */ = {
			isa = PBXGroup;
			children = (
				C02765002046556000CF7973 /* SocketTestDemoUITests.m */,
				C02765022046556000CF7973 /* Info.plist */,
			);
			path = SocketTestDemoUITests;
			sourceTree = "<group>";
		};
		C027650E2046559000CF7973 /* Classes */ = {
			isa = PBXGroup;
			children = (
				C027650F2046559000CF7973 /* AppDelegate */,
				C02765122046559000CF7973 /* Base */,
				C02765132046559000CF7973 /* Category */,
				C02765142046559000CF7973 /* General */,
				C02765152046559000CF7973 /* Helper */,
				C02765162046559000CF7973 /* Macros */,
				C027651B2046559000CF7973 /* Others */,
				C027651C2046559000CF7973 /* Resource */,
				C027651D2046559000CF7973 /* Scenes */,
				C027651E2046559000CF7973 /* Sections */,
				C027651F2046559000CF7973 /* Tools */,
				C02765202046559000CF7973 /* Vendors */,
			);
			path = Classes;
			sourceTree = "<group>";
		};
		C027650F2046559000CF7973 /* AppDelegate */ = {
			isa = PBXGroup;
			children = (
				C02765102046559000CF7973 /* AppDelegate.h */,
				C02765112046559000CF7973 /* AppDelegate.m */,
			);
			path = AppDelegate;
			sourceTree = "<group>";
		};
		C02765122046559000CF7973 /* Base */ = {
			isa = PBXGroup;
			children = (
			);
			path = Base;
			sourceTree = "<group>";
		};
		C02765132046559000CF7973 /* Category */ = {
			isa = PBXGroup;
			children = (
			);
			path = Category;
			sourceTree = "<group>";
		};
		C02765142046559000CF7973 /* General */ = {
			isa = PBXGroup;
			children = (
			);
			path = General;
			sourceTree = "<group>";
		};
		C02765152046559000CF7973 /* Helper */ = {
			isa = PBXGroup;
			children = (
			);
			path = Helper;
			sourceTree = "<group>";
		};
		C02765162046559000CF7973 /* Macros */ = {
			isa = PBXGroup;
			children = (
				C02765172046559000CF7973 /* AppMacro.h */,
				C02765182046559000CF7973 /* NotificationMacro.h */,
				C02765192046559000CF7973 /* UtilesMacro.h */,
				C027651A2046559000CF7973 /* VendorMacro.h */,
			);
			path = Macros;
			sourceTree = "<group>";
		};
		C027651B2046559000CF7973 /* Others */ = {
			isa = PBXGroup;
			children = (
			);
			path = Others;
			sourceTree = "<group>";
		};
		C027651C2046559000CF7973 /* Resource */ = {
			isa = PBXGroup;
			children = (
				C08D7E1220575BE600368548 /* HKVideoStream_log.txt */,
				C09CBB72205665C000651B84 /* 123456-1-51184.mp4 */,
				C09CBB8620567CDC00651B84 /* header.txt */,
			);
			path = Resource;
			sourceTree = "<group>";
		};
		C027651D2046559000CF7973 /* Scenes */ = {
			isa = PBXGroup;
			children = (
			);
			path = Scenes;
			sourceTree = "<group>";
		};
		C027651E2046559000CF7973 /* Sections */ = {
			isa = PBXGroup;
			children = (
				C0276523204655F300CF7973 /* Controller */,
				C0276524204655F300CF7973 /* Model */,
				C0276522204655F300CF7973 /* View */,
			);
			path = Sections;
			sourceTree = "<group>";
		};
		C027651F2046559000CF7973 /* Tools */ = {
			isa = PBXGroup;
			children = (
				C07209E520941C95001FDE54 /* VideoManager */,
				C07209E120941C5E001FDE54 /* XRProtocolTool */,
				C07A8460206C7D11001967FE /* VideoDataTool */,
				C0978DEB205913CB0092F531 /* HKTool */,
				C0276528204699FB00CF7973 /* SocketTool */,
			);
			path = Tools;
			sourceTree = "<group>";
		};
		C02765202046559000CF7973 /* Vendors */ = {
			isa = PBXGroup;
			children = (
				C09CBB7C205671B700651B84 /* YMSocketUtils.h */,
				C09CBB7B205671B700651B84 /* YMSocketUtils.m */,
				C09CBB4D20564B2200651B84 /* HKSDK */,
			);
			path = Vendors;
			sourceTree = "<group>";
		};
		C0276522204655F300CF7973 /* View */ = {
			isa = PBXGroup;
			children = (
			);
			path = View;
			sourceTree = "<group>";
		};
		C0276523204655F300CF7973 /* Controller */ = {
			isa = PBXGroup;
			children = (
				C0276526204656AE00CF7973 /* ViewController.h */,
				C0276525204656AE00CF7973 /* ViewController.m */,
				C08F61BD2092BBFA00416CA3 /* ViewController.xib */,
				C091EA2420722A5200E89880 /* XRChannelViewController.h */,
				C091EA2520722A5200E89880 /* XRChannelViewController.m */,
				C091EA2620722A5200E89880 /* XRChannelViewController.xib */,
				C091EA2920722A6D00E89880 /* XRVideoViewController.h */,
				C091EA2A20722A6D00E89880 /* XRVideoViewController.m */,
				C091EA2B20722A6D00E89880 /* XRVideoViewController.xib */,
			);
			path = Controller;
			sourceTree = "<group>";
		};
		C0276524204655F300CF7973 /* Model */ = {
			isa = PBXGroup;
			children = (
			);
			path = Model;
			sourceTree = "<group>";
		};
		C0276528204699FB00CF7973 /* SocketTool */ = {
			isa = PBXGroup;
			children = (
				C027652920469B2500CF7973 /* SocketTool.h */,
				C027652A20469B2500CF7973 /* SocketTool.m */,
			);
			path = SocketTool;
			sourceTree = "<group>";
		};
		C07209E120941C5E001FDE54 /* XRProtocolTool */ = {
			isa = PBXGroup;
			children = (
				C07209E220941C5E001FDE54 /* XRTCPProtocol_HK.h */,
				C07209E320941C5E001FDE54 /* XRTCPProtocol_HK.m */,
			);
			path = XRProtocolTool;
			sourceTree = "<group>";
		};
		C07209E520941C95001FDE54 /* VideoManager */ = {
			isa = PBXGroup;
			children = (
				C0971B9120996294009107DF /* XRHKVideoManager.h */,
				C0971B9220996294009107DF /* XRHKVideoManager.m */,
			);
			path = VideoManager;
			sourceTree = "<group>";
		};
		C07A8460206C7D11001967FE /* VideoDataTool */ = {
			isa = PBXGroup;
			children = (
				C07A8461206C7D21001967FE /* XRVideoDataTool.h */,
				C07A8462206C7D21001967FE /* XRVideoDataTool.m */,
				C0971B8E20994B90009107DF /* XRSocketDataCache.h */,
				C0971B8F20994B90009107DF /* XRSocketDataCache.m */,
			);
			path = VideoDataTool;
			sourceTree = "<group>";
		};
		C0978DEB205913CB0092F531 /* HKTool */ = {
			isa = PBXGroup;
			children = (
				C0971B94209964BE009107DF /* XRHKSDKManager.h */,
				C0971B95209964BE009107DF /* XRHKSDKManager.m */,
			);
			path = HKTool;
			sourceTree = "<group>";
		};
		C09CBB4D20564B2200651B84 /* HKSDK */ = {
			isa = PBXGroup;
			children = (
				C09CBB4E20564B2200651B84 /* IOSPlayM4.h */,
				C09CBB4F20564B2200651B84 /* libPlayCtrl.a */,
				C09CBB5020564B2200651B84 /* MobilePlaySDKInterface.h */,
			);
			path = HKSDK;
			sourceTree = "<group>";
		};
		D0181872A77A8052FE016B46 /* Frameworks */ = {
			isa = PBXGroup;
			children = (
				C09CBB6E2056620400651B84 /* GLKit.framework */,
				C09CBB6B205660D600651B84 /* Foundation.framework */,
				C09CBB69205660C300651B84 /* UIKit.framework */,
				C09CBB66205660A200651B84 /* OpenAL.framework */,
				C09CBB652056609A00651B84 /* OpenGLES.framework */,
				C09CBB622056605800651B84 /* AudioToolbox.framework */,
				C09CBB6020565F3000651B84 /* libc++.tbd */,
				C09CBB5E20565EFF00651B84 /* AVFoundation.framework */,
				C09CBB5C20565EE200651B84 /* CoreMedia.framework */,
				C09CBB5A20565EBD00651B84 /* VideoToolbox.framework */,
				C09CBB5820565EA600651B84 /* libstdc++.6.0.9.tbd */,
				C09CBB5620565B3200651B84 /* libz.tbd */,
				C09CBB5420565A4B00651B84 /* libiconv.tbd */,
				C09CBB5220565A3F00651B84 /* libbz2.tbd */,
				940D10C3D99182639830BF0A /* Pods_SocketTestDemo.framework */,
			);
			name = Frameworks;
			sourceTree = "<group>";
		};
/* End PBXGroup section */

/* Begin PBXNativeTarget section */
		C02764D82046555E00CF7973 /* SocketTestDemo */ = {
			isa = PBXNativeTarget;
			buildConfigurationList = C02765052046556000CF7973 /* Build configuration list for PBXNativeTarget "SocketTestDemo" */;
			buildPhases = (
				5D659DB4DF47A4710668A907 /* [CP] Check Pods Manifest.lock */,
				C02764D52046555E00CF7973 /* Sources */,
				C02764D62046555E00CF7973 /* Frameworks */,
				C02764D72046555E00CF7973 /* Resources */,
				D61AADB5558E734CBD6D124A /* [CP] Embed Pods Frameworks */,
				94357681E7DBBB2A3E4D0E62 /* [CP] Copy Pods Resources */,
			);
			buildRules = (
			);
			dependencies = (
			);
			name = SocketTestDemo;
			productName = SocketTestDemo;
			productReference = C02764D92046555E00CF7973 /* SocketTestDemo.app */;
			productType = "com.apple.product-type.application";
		};
		C02764F02046556000CF7973 /* SocketTestDemoTests */ = {
			isa = PBXNativeTarget;
			buildConfigurationList = C02765082046556000CF7973 /* Build configuration list for PBXNativeTarget "SocketTestDemoTests" */;
			buildPhases = (
				C02764ED2046556000CF7973 /* Sources */,
				C02764EE2046556000CF7973 /* Frameworks */,
				C02764EF2046556000CF7973 /* Resources */,
			);
			buildRules = (
			);
			dependencies = (
				C02764F32046556000CF7973 /* PBXTargetDependency */,
			);
			name = SocketTestDemoTests;
			productName = SocketTestDemoTests;
			productReference = C02764F12046556000CF7973 /* SocketTestDemoTests.xctest */;
			productType = "com.apple.product-type.bundle.unit-test";
		};
		C02764FB2046556000CF7973 /* SocketTestDemoUITests */ = {
			isa = PBXNativeTarget;
			buildConfigurationList = C027650B2046556000CF7973 /* Build configuration list for PBXNativeTarget "SocketTestDemoUITests" */;
			buildPhases = (
				C02764F82046556000CF7973 /* Sources */,
				C02764F92046556000CF7973 /* Frameworks */,
				C02764FA2046556000CF7973 /* Resources */,
			);
			buildRules = (
			);
			dependencies = (
				C02764FE2046556000CF7973 /* PBXTargetDependency */,
			);
			name = SocketTestDemoUITests;
			productName = SocketTestDemoUITests;
			productReference = C02764FC2046556000CF7973 /* SocketTestDemoUITests.xctest */;
			productType = "com.apple.product-type.bundle.ui-testing";
		};
/* End PBXNativeTarget section */

/* Begin PBXProject section */
		C02764D12046555D00CF7973 /* Project object */ = {
			isa = PBXProject;
			attributes = {
				CLASSPREFIX = XR;
				LastUpgradeCheck = 0910;
				ORGANIZATIONNAME = XR;
				TargetAttributes = {
					C02764D82046555E00CF7973 = {
						CreatedOnToolsVersion = 9.1;
						ProvisioningStyle = Automatic;
					};
					C02764F02046556000CF7973 = {
						CreatedOnToolsVersion = 9.1;
						ProvisioningStyle = Automatic;
						TestTargetID = C02764D82046555E00CF7973;
					};
					C02764FB2046556000CF7973 = {
						CreatedOnToolsVersion = 9.1;
						ProvisioningStyle = Automatic;
						TestTargetID = C02764D82046555E00CF7973;
					};
				};
			};
			buildConfigurationList = C02764D42046555D00CF7973 /* Build configuration list for PBXProject "SocketTestDemo" */;
			compatibilityVersion = "Xcode 8.0";
			developmentRegion = en;
			hasScannedForEncodings = 0;
			knownRegions = (
				en,
				Base,
			);
			mainGroup = C02764D02046555D00CF7973;
			productRefGroup = C02764DA2046555E00CF7973 /* Products */;
			projectDirPath = "";
			projectRoot = "";
			targets = (
				C02764D82046555E00CF7973 /* SocketTestDemo */,
				C02764F02046556000CF7973 /* SocketTestDemoTests */,
				C02764FB2046556000CF7973 /* SocketTestDemoUITests */,
			);
		};
/* End PBXProject section */

/* Begin PBXResourcesBuildPhase section */
		C02764D72046555E00CF7973 /* Resources */ = {
			isa = PBXResourcesBuildPhase;
			buildActionMask = 2147483647;
			files = (
				C02764E62046555F00CF7973 /* Assets.xcassets in Resources */,
				C08D7E1320575BE600368548 /* HKVideoStream_log.txt in Resources */,
				C08F61BE2092BBFA00416CA3 /* ViewController.xib in Resources */,
				C091EA2820722A5200E89880 /* XRChannelViewController.xib in Resources */,
				C02764E42046555F00CF7973 /* Main.storyboard in Resources */,
				C09CBB8720567CDD00651B84 /* header.txt in Resources */,
				C09CBB73205665C000651B84 /* 123456-1-51184.mp4 in Resources */,
				C091EA2D20722A6D00E89880 /* XRVideoViewController.xib in Resources */,
			);
			runOnlyForDeploymentPostprocessing = 0;
		};
		C02764EF2046556000CF7973 /* Resources */ = {
			isa = PBXResourcesBuildPhase;
			buildActionMask = 2147483647;
			files = (
			);
			runOnlyForDeploymentPostprocessing = 0;
		};
		C02764FA2046556000CF7973 /* Resources */ = {
			isa = PBXResourcesBuildPhase;
			buildActionMask = 2147483647;
			files = (
			);
			runOnlyForDeploymentPostprocessing = 0;
		};
/* End PBXResourcesBuildPhase section */

/* Begin PBXShellScriptBuildPhase section */
		5D659DB4DF47A4710668A907 /* [CP] Check Pods Manifest.lock */ = {
			isa = PBXShellScriptBuildPhase;
			buildActionMask = 2147483647;
			files = (
			);
			inputPaths = (
			);
			name = "[CP] Check Pods Manifest.lock";
			outputPaths = (
			);
			runOnlyForDeploymentPostprocessing = 0;
			shellPath = /bin/sh;
			shellScript = "diff \"${PODS_PODFILE_DIR_PATH}/Podfile.lock\" \"${PODS_ROOT}/Manifest.lock\" > /dev/null\nif [ $? != 0 ] ; then\n    # print error to STDERR\n    echo \"error: The sandbox is not in sync with the Podfile.lock. Run 'pod install' or update your CocoaPods installation.\" >&2\n    exit 1\nfi\n";
			showEnvVarsInLog = 0;
		};
		94357681E7DBBB2A3E4D0E62 /* [CP] Copy Pods Resources */ = {
			isa = PBXShellScriptBuildPhase;
			buildActionMask = 2147483647;
			files = (
			);
			inputPaths = (
			);
			name = "[CP] Copy Pods Resources";
			outputPaths = (
			);
			runOnlyForDeploymentPostprocessing = 0;
			shellPath = /bin/sh;
			shellScript = "\"${SRCROOT}/Pods/Target Support Files/Pods-SocketTestDemo/Pods-SocketTestDemo-resources.sh\"\n";
			showEnvVarsInLog = 0;
		};
		D61AADB5558E734CBD6D124A /* [CP] Embed Pods Frameworks */ = {
			isa = PBXShellScriptBuildPhase;
			buildActionMask = 2147483647;
			files = (
			);
			inputPaths = (
			);
			name = "[CP] Embed Pods Frameworks";
			outputPaths = (
			);
			runOnlyForDeploymentPostprocessing = 0;
			shellPath = /bin/sh;
			shellScript = "\"${SRCROOT}/Pods/Target Support Files/Pods-SocketTestDemo/Pods-SocketTestDemo-frameworks.sh\"\n";
			showEnvVarsInLog = 0;
		};
/* End PBXShellScriptBuildPhase section */

/* Begin PBXSourcesBuildPhase section */
		C02764D52046555E00CF7973 /* Sources */ = {
			isa = PBXSourcesBuildPhase;
			buildActionMask = 2147483647;
			files = (
				C07209E420941C5F001FDE54 /* XRTCPProtocol_HK.m in Sources */,
				C091EA2C20722A6D00E89880 /* XRVideoViewController.m in Sources */,
				C0971B96209964BE009107DF /* XRHKSDKManager.m in Sources */,
				C0276527204656AE00CF7973 /* ViewController.m in Sources */,
				C02765212046559000CF7973 /* AppDelegate.m in Sources */,
				C0971B9020994B90009107DF /* XRSocketDataCache.m in Sources */,
				C027652B20469B2500CF7973 /* SocketTool.m in Sources */,
				C091EA2720722A5200E89880 /* XRChannelViewController.m in Sources */,
				C07A8463206C7D22001967FE /* XRVideoDataTool.m in Sources */,
				C09CBB7D205671B700651B84 /* YMSocketUtils.m in Sources */,
				C0971B9320996294009107DF /* XRHKVideoManager.m in Sources */,
				C02764EC2046555F00CF7973 /* main.m in Sources */,
			);
			runOnlyForDeploymentPostprocessing = 0;
		};
		C02764ED2046556000CF7973 /* Sources */ = {
			isa = PBXSourcesBuildPhase;
			buildActionMask = 2147483647;
			files = (
				C02764F62046556000CF7973 /* SocketTestDemoTests.m in Sources */,
			);
			runOnlyForDeploymentPostprocessing = 0;
		};
		C02764F82046556000CF7973 /* Sources */ = {
			isa = PBXSourcesBuildPhase;
			buildActionMask = 2147483647;
			files = (
				C02765012046556000CF7973 /* SocketTestDemoUITests.m in Sources */,
			);
			runOnlyForDeploymentPostprocessing = 0;
		};
/* End PBXSourcesBuildPhase section */

/* Begin PBXTargetDependency section */
		C02764F32046556000CF7973 /* PBXTargetDependency */ = {
			isa = PBXTargetDependency;
			target = C02764D82046555E00CF7973 /* SocketTestDemo */;
			targetProxy = C02764F22046556000CF7973 /* PBXContainerItemProxy */;
		};
		C02764FE2046556000CF7973 /* PBXTargetDependency */ = {
			isa = PBXTargetDependency;
			target = C02764D82046555E00CF7973 /* SocketTestDemo */;
			targetProxy = C02764FD2046556000CF7973 /* PBXContainerItemProxy */;
		};
/* End PBXTargetDependency section */

/* Begin PBXVariantGroup section */
		C02764E22046555F00CF7973 /* Main.storyboard */ = {
			isa = PBXVariantGroup;
			children = (
				C02764E32046555F00CF7973 /* Base */,
			);
			name = Main.storyboard;
			sourceTree = "<group>";
		};
/* End PBXVariantGroup section */

/* Begin XCBuildConfiguration section */
		C02765032046556000CF7973 /* Debug */ = {
			isa = XCBuildConfiguration;
			buildSettings = {
				ALWAYS_SEARCH_USER_PATHS = NO;
				CLANG_ANALYZER_NONNULL = YES;
				CLANG_ANALYZER_NUMBER_OBJECT_CONVERSION = YES_AGGRESSIVE;
				CLANG_CXX_LANGUAGE_STANDARD = "gnu++14";
				CLANG_CXX_LIBRARY = "libc++";
				CLANG_ENABLE_MODULES = YES;
				CLANG_ENABLE_OBJC_ARC = YES;
				CLANG_WARN_BLOCK_CAPTURE_AUTORELEASING = YES;
				CLANG_WARN_BOOL_CONVERSION = YES;
				CLANG_WARN_COMMA = YES;
				CLANG_WARN_CONSTANT_CONVERSION = YES;
				CLANG_WARN_DIRECT_OBJC_ISA_USAGE = YES_ERROR;
				CLANG_WARN_DOCUMENTATION_COMMENTS = YES;
				CLANG_WARN_EMPTY_BODY = YES;
				CLANG_WARN_ENUM_CONVERSION = YES;
				CLANG_WARN_INFINITE_RECURSION = YES;
				CLANG_WARN_INT_CONVERSION = YES;
				CLANG_WARN_NON_LITERAL_NULL_CONVERSION = YES;
				CLANG_WARN_OBJC_LITERAL_CONVERSION = YES;
				CLANG_WARN_OBJC_ROOT_CLASS = YES_ERROR;
				CLANG_WARN_RANGE_LOOP_ANALYSIS = YES;
				CLANG_WARN_STRICT_PROTOTYPES = YES;
				CLANG_WARN_SUSPICIOUS_MOVE = YES;
				CLANG_WARN_UNGUARDED_AVAILABILITY = YES_AGGRESSIVE;
				CLANG_WARN_UNREACHABLE_CODE = YES;
				CLANG_WARN__DUPLICATE_METHOD_MATCH = YES;
				CODE_SIGN_IDENTITY = "iPhone Developer";
				COPY_PHASE_STRIP = NO;
				DEBUG_INFORMATION_FORMAT = dwarf;
				ENABLE_STRICT_OBJC_MSGSEND = YES;
				ENABLE_TESTABILITY = YES;
				GCC_C_LANGUAGE_STANDARD = gnu11;
				GCC_DYNAMIC_NO_PIC = NO;
				GCC_NO_COMMON_BLOCKS = YES;
				GCC_OPTIMIZATION_LEVEL = 0;
				GCC_PREPROCESSOR_DEFINITIONS = (
					"DEBUG=1",
					"$(inherited)",
				);
				GCC_WARN_64_TO_32_BIT_CONVERSION = YES;
				GCC_WARN_ABOUT_RETURN_TYPE = YES_ERROR;
				GCC_WARN_UNDECLARED_SELECTOR = YES;
				GCC_WARN_UNINITIALIZED_AUTOS = YES_AGGRESSIVE;
				GCC_WARN_UNUSED_FUNCTION = YES;
				GCC_WARN_UNUSED_VARIABLE = YES;
				IPHONEOS_DEPLOYMENT_TARGET = 11.1;
				MTL_ENABLE_DEBUG_INFO = YES;
				ONLY_ACTIVE_ARCH = YES;
				SDKROOT = iphoneos;
			};
			name = Debug;
		};
		C02765042046556000CF7973 /* Release */ = {
			isa = XCBuildConfiguration;
			buildSettings = {
				ALWAYS_SEARCH_USER_PATHS = NO;
				CLANG_ANALYZER_NONNULL = YES;
				CLANG_ANALYZER_NUMBER_OBJECT_CONVERSION = YES_AGGRESSIVE;
				CLANG_CXX_LANGUAGE_STANDARD = "gnu++14";
				CLANG_CXX_LIBRARY = "libc++";
				CLANG_ENABLE_MODULES = YES;
				CLANG_ENABLE_OBJC_ARC = YES;
				CLANG_WARN_BLOCK_CAPTURE_AUTORELEASING = YES;
				CLANG_WARN_BOOL_CONVERSION = YES;
				CLANG_WARN_COMMA = YES;
				CLANG_WARN_CONSTANT_CONVERSION = YES;
				CLANG_WARN_DIRECT_OBJC_ISA_USAGE = YES_ERROR;
				CLANG_WARN_DOCUMENTATION_COMMENTS = YES;
				CLANG_WARN_EMPTY_BODY = YES;
				CLANG_WARN_ENUM_CONVERSION = YES;
				CLANG_WARN_INFINITE_RECURSION = YES;
				CLANG_WARN_INT_CONVERSION = YES;
				CLANG_WARN_NON_LITERAL_NULL_CONVERSION = YES;
				CLANG_WARN_OBJC_LITERAL_CONVERSION = YES;
				CLANG_WARN_OBJC_ROOT_CLASS = YES_ERROR;
				CLANG_WARN_RANGE_LOOP_ANALYSIS = YES;
				CLANG_WARN_STRICT_PROTOTYPES = YES;
				CLANG_WARN_SUSPICIOUS_MOVE = YES;
				CLANG_WARN_UNGUARDED_AVAILABILITY = YES_AGGRESSIVE;
				CLANG_WARN_UNREACHABLE_CODE = YES;
				CLANG_WARN__DUPLICATE_METHOD_MATCH = YES;
				CODE_SIGN_IDENTITY = "iPhone Developer";
				COPY_PHASE_STRIP = NO;
				DEBUG_INFORMATION_FORMAT = "dwarf-with-dsym";
				ENABLE_NS_ASSERTIONS = NO;
				ENABLE_STRICT_OBJC_MSGSEND = YES;
				GCC_C_LANGUAGE_STANDARD = gnu11;
				GCC_NO_COMMON_BLOCKS = YES;
				GCC_WARN_64_TO_32_BIT_CONVERSION = YES;
				GCC_WARN_ABOUT_RETURN_TYPE = YES_ERROR;
				GCC_WARN_UNDECLARED_SELECTOR = YES;
				GCC_WARN_UNINITIALIZED_AUTOS = YES_AGGRESSIVE;
				GCC_WARN_UNUSED_FUNCTION = YES;
				GCC_WARN_UNUSED_VARIABLE = YES;
				IPHONEOS_DEPLOYMENT_TARGET = 11.1;
				MTL_ENABLE_DEBUG_INFO = NO;
				SDKROOT = iphoneos;
				VALIDATE_PRODUCT = YES;
			};
			name = Release;
		};
		C02765062046556000CF7973 /* Debug */ = {
			isa = XCBuildConfiguration;
			baseConfigurationReference = F501EDF5A616AC6BDC218A1A /* Pods-SocketTestDemo.debug.xcconfig */;
			buildSettings = {
				ASSETCATALOG_COMPILER_APPICON_NAME = AppIcon;
				ASSETCATALOG_COMPILER_LAUNCHIMAGE_NAME = LaunchImage;
				CODE_SIGN_STYLE = Automatic;
				DEVELOPMENT_TEAM = AU2WTZRMWG;
				INFOPLIST_FILE = SocketTestDemo/Info.plist;
				IPHONEOS_DEPLOYMENT_TARGET = 9.3;
				LD_RUNPATH_SEARCH_PATHS = "$(inherited) @executable_path/Frameworks";
				LIBRARY_SEARCH_PATHS = (
					"$(inherited)",
					"$(PROJECT_DIR)/SocketTestDemo/Classes/Vendors/HKSDK",
				);
				PRODUCT_BUNDLE_IDENTIFIER = com.XR.SocketTest;
				PRODUCT_NAME = "$(TARGET_NAME)";
				TARGETED_DEVICE_FAMILY = "1,2";
			};
			name = Debug;
		};
		C02765072046556000CF7973 /* Release */ = {
			isa = XCBuildConfiguration;
			baseConfigurationReference = 0AE09507650A6A613C0871A0 /* Pods-SocketTestDemo.release.xcconfig */;
			buildSettings = {
				ASSETCATALOG_COMPILER_APPICON_NAME = AppIcon;
				ASSETCATALOG_COMPILER_LAUNCHIMAGE_NAME = LaunchImage;
				CODE_SIGN_STYLE = Automatic;
				DEVELOPMENT_TEAM = AU2WTZRMWG;
				INFOPLIST_FILE = SocketTestDemo/Info.plist;
				IPHONEOS_DEPLOYMENT_TARGET = 9.3;
				LD_RUNPATH_SEARCH_PATHS = "$(inherited) @executable_path/Frameworks";
				LIBRARY_SEARCH_PATHS = (
					"$(inherited)",
					"$(PROJECT_DIR)/SocketTestDemo/Classes/Vendors/HKSDK",
				);
				PRODUCT_BUNDLE_IDENTIFIER = com.XR.SocketTest;
				PRODUCT_NAME = "$(TARGET_NAME)";
				TARGETED_DEVICE_FAMILY = "1,2";
			};
			name = Release;
		};
		C02765092046556000CF7973 /* Debug */ = {
			isa = XCBuildConfiguration;
			buildSettings = {
				BUNDLE_LOADER = "$(TEST_HOST)";
				CODE_SIGN_STYLE = Automatic;
				DEVELOPMENT_TEAM = FH544J7WDC;
				INFOPLIST_FILE = SocketTestDemoTests/Info.plist;
				LD_RUNPATH_SEARCH_PATHS = "$(inherited) @executable_path/Frameworks @loader_path/Frameworks";
				PRODUCT_BUNDLE_IDENTIFIER = com.XR.SocketTestDemoTests;
				PRODUCT_NAME = "$(TARGET_NAME)";
				TARGETED_DEVICE_FAMILY = "1,2";
				TEST_HOST = "$(BUILT_PRODUCTS_DIR)/SocketTestDemo.app/SocketTestDemo";
			};
			name = Debug;
		};
		C027650A2046556000CF7973 /* Release */ = {
			isa = XCBuildConfiguration;
			buildSettings = {
				BUNDLE_LOADER = "$(TEST_HOST)";
				CODE_SIGN_STYLE = Automatic;
				DEVELOPMENT_TEAM = FH544J7WDC;
				INFOPLIST_FILE = SocketTestDemoTests/Info.plist;
				LD_RUNPATH_SEARCH_PATHS = "$(inherited) @executable_path/Frameworks @loader_path/Frameworks";
				PRODUCT_BUNDLE_IDENTIFIER = com.XR.SocketTestDemoTests;
				PRODUCT_NAME = "$(TARGET_NAME)";
				TARGETED_DEVICE_FAMILY = "1,2";
				TEST_HOST = "$(BUILT_PRODUCTS_DIR)/SocketTestDemo.app/SocketTestDemo";
			};
			name = Release;
		};
		C027650C2046556000CF7973 /* Debug */ = {
			isa = XCBuildConfiguration;
			buildSettings = {
				CODE_SIGN_STYLE = Automatic;
				DEVELOPMENT_TEAM = FH544J7WDC;
				INFOPLIST_FILE = SocketTestDemoUITests/Info.plist;
				LD_RUNPATH_SEARCH_PATHS = "$(inherited) @executable_path/Frameworks @loader_path/Frameworks";
				PRODUCT_BUNDLE_IDENTIFIER = com.XR.SocketTestDemoUITests;
				PRODUCT_NAME = "$(TARGET_NAME)";
				TARGETED_DEVICE_FAMILY = "1,2";
				TEST_TARGET_NAME = SocketTestDemo;
			};
			name = Debug;
		};
		C027650D2046556000CF7973 /* Release */ = {
			isa = XCBuildConfiguration;
			buildSettings = {
				CODE_SIGN_STYLE = Automatic;
				DEVELOPMENT_TEAM = FH544J7WDC;
				INFOPLIST_FILE = SocketTestDemoUITests/Info.plist;
				LD_RUNPATH_SEARCH_PATHS = "$(inherited) @executable_path/Frameworks @loader_path/Frameworks";
				PRODUCT_BUNDLE_IDENTIFIER = com.XR.SocketTestDemoUITests;
				PRODUCT_NAME = "$(TARGET_NAME)";
				TARGETED_DEVICE_FAMILY = "1,2";
				TEST_TARGET_NAME = SocketTestDemo;
			};
			name = Release;
		};
/* End XCBuildConfiguration section */

/* Begin XCConfigurationList section */
		C02764D42046555D00CF7973 /* Build configuration list for PBXProject "SocketTestDemo" */ = {
			isa = XCConfigurationList;
			buildConfigurations = (
				C02765032046556000CF7973 /* Debug */,
				C02765042046556000CF7973 /* Release */,
			);
			defaultConfigurationIsVisible = 0;
			defaultConfigurationName = Release;
		};
		C02765052046556000CF7973 /* Build configuration list for PBXNativeTarget "SocketTestDemo" */ = {
			isa = XCConfigurationList;
			buildConfigurations = (
				C02765062046556000CF7973 /* Debug */,
				C02765072046556000CF7973 /* Release */,
			);
			defaultConfigurationIsVisible = 0;
			defaultConfigurationName = Release;
		};
		C02765082046556000CF7973 /* Build configuration list for PBXNativeTarget "SocketTestDemoTests" */ = {
			isa = XCConfigurationList;
			buildConfigurations = (
				C02765092046556000CF7973 /* Debug */,
				C027650A2046556000CF7973 /* Release */,
			);
			defaultConfigurationIsVisible = 0;
			defaultConfigurationName = Release;
		};
		C027650B2046556000CF7973 /* Build configuration list for PBXNativeTarget "SocketTestDemoUITests" */ = {
			isa = XCConfigurationList;
			buildConfigurations = (
				C027650C2046556000CF7973 /* Debug */,
				C027650D2046556000CF7973 /* Release */,
			);
			defaultConfigurationIsVisible = 0;
			defaultConfigurationName = Release;
		};
/* End XCConfigurationList section */
	};
	rootObject = C02764D12046555D00CF7973 /* Project object */;
}
